
Microsoft Visual Studio Solution File, Format Version 12.00
# Visual Studio Version 17
VisualStudioVersion = 17.3.32825.248
MinimumVisualStudioVersion = 10.0.40219.1
Project("{FAE04EC0-301F-11D3-BF4B-00C04F79EFBC}") = "Homework4_26.Web", "Homework4_26\Homework4_26.Web.csproj", "{6A9AF953-3574-4F02-B726-AE670D74A410}"
EndProject
Project("{FAE04EC0-301F-11D3-BF4B-00C04F79EFBC}") = "Homework4_26.Data", "Homework4_26.Data\Homework4_26.Data.csproj", "{5964FCF6-1E39-44D8-8F85-740EAA47A26A}"
EndProject
Global
	GlobalSection(SolutionConfigurationPlatforms) = preSolution
		Debug|Any CPU = Debug|Any CPU
		Release|Any CPU = Release|Any CPU
	EndGlobalSection
	GlobalSection(ProjectConfigurationPlatforms) = postSolution
		{6A9AF953-3574-4F02-B726-AE670D74A410}.Debug|Any CPU.ActiveCfg = Debug|Any CPU
		{6A9AF953-3574-4F02-B726-AE670D74A410}.Debug|Any CPU.Build.0 = Debug|Any CPU
		{6A9AF953-3574-4F02-B726-AE670D74A410}.Release|Any CPU.ActiveCfg = Release|Any CPU
		{6A9AF953-3574-4F02-B726-AE670D74A410}.Release|Any CPU.Build.0 = Release|Any CPU
		{5964FCF6-1E39-44D8-8F85-740EAA47A26A}.Debug|Any CPU.ActiveCfg = Debug|Any CPU
		{5964FCF6-1E39-44D8-8F85-740EAA47A26A}.Debug|Any CPU.Build.0 = Debug|Any CPU
		{5964FCF6-1E39-44D8-8F85-740EAA47A26A}.Release|Any CPU.ActiveCfg = Release|Any CPU
		{5964FCF6-1E39-44D8-8F85-740EAA47A26A}.Release|Any CPU.Build.0 = Release|Any CPU
	EndGlobalSection
	GlobalSection(SolutionProperties) = preSolution
		HideSolutionNode = FALSE
	EndGlobalSection
	GlobalSection(ExtensibilityGlobals) = postSolution
		SolutionGuid = {1C12B9A2-108E-440B-B5A5-7FDD2F9BA6A8}
	EndGlobalSection
EndGlobal
